
Microsoft Visual Studio Solution File, Format Version 12.00
# Visual Studio Version 17
VisualStudioVersion = 17.7.34202.233
MinimumVisualStudioVersion = 10.0.40219.1
Project("{FAE04EC0-301F-11D3-BF4B-00C04F79EFBC}") = "SoftEngProj", "SoftEngProj.csproj", "{F4588D18-2740-4CFD-8F31-98CE6CEFD832}"
EndProject
Global
	GlobalSection(SolutionConfigurationPlatforms) = preSolution
		Debug|Any CPU = Debug|Any CPU
		Release|Any CPU = Release|Any CPU
	EndGlobalSection
	GlobalSection(ProjectConfigurationPlatforms) = postSolution
		{F4588D18-2740-4CFD-8F31-98CE6CEFD832}.Debug|Any CPU.ActiveCfg = Debug|Any CPU
		{F4588D18-2740-4CFD-8F31-98CE6CEFD832}.Debug|Any CPU.Build.0 = Debug|Any CPU
		{F4588D18-2740-4CFD-8F31-98CE6CEFD832}.Release|Any CPU.ActiveCfg = Release|Any CPU
		{F4588D18-2740-4CFD-8F31-98CE6CEFD832}.Release|Any CPU.Build.0 = Release|Any CPU
	EndGlobalSection
	GlobalSection(SolutionProperties) = preSolution
		HideSolutionNode = FALSE
	EndGlobalSection
	GlobalSection(ExtensibilityGlobals) = postSolution
		SolutionGuid = {B399C147-1136-442E-84DE-6330DD47DFE1}
	EndGlobalSection
EndGlobal
